
Microsoft Visual Studio Solution File, Format Version 12.00
# Visual Studio Version 17
VisualStudioVersion = 17.9.34728.123
MinimumVisualStudioVersion = 10.0.40219.1
Project("{FAE04EC0-301F-11D3-BF4B-00C04F79EFBC}") = "FordFulkersonAlgorithm", "FordFulkersonAlgorithm.csproj", "{CE44D923-B172-498E-88B2-F43035A2B063}"
EndProject
Global
	GlobalSection(SolutionConfigurationPlatforms) = preSolution
		Debug|Any CPU = Debug|Any CPU
		Release|Any CPU = Release|Any CPU
	EndGlobalSection
	GlobalSection(ProjectConfigurationPlatforms) = postSolution
		{CE44D923-B172-498E-88B2-F43035A2B063}.Debug|Any CPU.ActiveCfg = Debug|Any CPU
		{CE44D923-B172-498E-88B2-F43035A2B063}.Debug|Any CPU.Build.0 = Debug|Any CPU
		{CE44D923-B172-498E-88B2-F43035A2B063}.Release|Any CPU.ActiveCfg = Release|Any CPU
		{CE44D923-B172-498E-88B2-F43035A2B063}.Release|Any CPU.Build.0 = Release|Any CPU
	EndGlobalSection
	GlobalSection(SolutionProperties) = preSolution
		HideSolutionNode = FALSE
	EndGlobalSection
	GlobalSection(ExtensibilityGlobals) = postSolution
		SolutionGuid = {FB2E827B-8DB7-46B9-A1F9-AF9D53BF262E}
	EndGlobalSection
EndGlobal
